
Microsoft Visual Studio Solution File, Format Version 12.00
# Visual Studio Version 16
VisualStudioVersion = 16.0.31025.194
MinimumVisualStudioVersion = 10.0.40219.1
Project("{FAE04EC0-301F-11D3-BF4B-00C04F79EFBC}") = "GrpcService", "GrpcService\GrpcService.csproj", "{BBFCD61F-E3FF-4973-9561-C8D77CF30E28}"
EndProject
Project("{FAE04EC0-301F-11D3-BF4B-00C04F79EFBC}") = "GrpcClient", "GrpcClient\GrpcClient.csproj", "{2A4A7583-BB09-48BA-9D59-8E389C15D5FD}"
EndProject
Global
	GlobalSection(SolutionConfigurationPlatforms) = preSolution
		Debug|Any CPU = Debug|Any CPU
		Release|Any CPU = Release|Any CPU
	EndGlobalSection
	GlobalSection(ProjectConfigurationPlatforms) = postSolution
		{BBFCD61F-E3FF-4973-9561-C8D77CF30E28}.Debug|Any CPU.ActiveCfg = Debug|Any CPU
		{BBFCD61F-E3FF-4973-9561-C8D77CF30E28}.Debug|Any CPU.Build.0 = Debug|Any CPU
		{BBFCD61F-E3FF-4973-9561-C8D77CF30E28}.Release|Any CPU.ActiveCfg = Release|Any CPU
		{BBFCD61F-E3FF-4973-9561-C8D77CF30E28}.Release|Any CPU.Build.0 = Release|Any CPU
		{2A4A7583-BB09-48BA-9D59-8E389C15D5FD}.Debug|Any CPU.ActiveCfg = Debug|Any CPU
		{2A4A7583-BB09-48BA-9D59-8E389C15D5FD}.Debug|Any CPU.Build.0 = Debug|Any CPU
		{2A4A7583-BB09-48BA-9D59-8E389C15D5FD}.Release|Any CPU.ActiveCfg = Release|Any CPU
		{2A4A7583-BB09-48BA-9D59-8E389C15D5FD}.Release|Any CPU.Build.0 = Release|Any CPU
	EndGlobalSection
	GlobalSection(SolutionProperties) = preSolution
		HideSolutionNode = FALSE
	EndGlobalSection
	GlobalSection(ExtensibilityGlobals) = postSolution
		SolutionGuid = {D310C543-17C1-4E0E-829A-6D9F8AB4541B}
	EndGlobalSection
EndGlobal
